{
  "lockfileVersion": 1,
  "configVersion": 1,
  "workspaces": {
    "": {
      "name": "dex-bench",
      "dependencies": {
        "@ai-sdk/openai": "^3.0.0-beta.102",
        "@ai-sdk/openai-compatible": "^1.0.29",
        "@ai-sdk/react": "^3.0.0-beta.160",
        "@t3-oss/env-nextjs": "^0.13.10",
        "ai": "^6.0.0-beta.157",
      },
      "devDependencies": {
        "@biomejs/biome": "2.3.9",
        "@types/bun": "latest",
      },
      "peerDependencies": {
        "typescript": "^5.9.3",
      },
    },
  },
  "packages": {
    "@ai-sdk/gateway": ["@ai-sdk/gateway@2.0.0-beta.83", "", { "dependencies": { "@ai-sdk/provider": "3.0.0-beta.26", "@ai-sdk/provider-utils": "4.0.0-beta.52", "@vercel/oidc": "3.0.5" }, "peerDependencies": { "zod": "^3.25.76 || ^4.1.8" } }, "sha512-i+vP6ZG+/8GGa60UTbtWICiWoyu+xAaEkDjL9onEPYRMCaCdlb/iUyqTXLJC0GC405zb1VI+U3+QywrstSbNow=="],

    "@ai-sdk/openai": ["@ai-sdk/openai@3.0.0-beta.102", "", { "dependencies": { "@ai-sdk/provider": "3.0.0-beta.26", "@ai-sdk/provider-utils": "4.0.0-beta.52" }, "peerDependencies": { "zod": "^3.25.76 || ^4.1.8" } }, "sha512-SrndUhuBg8t370XFkBNSSet80+SddRY4YVehKSoMYy+OjzfMl323MhantrSVW1UFjLAcbuz/tnxvXsZCK9TArQ=="],

    "@ai-sdk/openai-compatible": ["@ai-sdk/openai-compatible@1.0.29", "", { "dependencies": { "@ai-sdk/provider": "2.0.0", "@ai-sdk/provider-utils": "3.0.19" }, "peerDependencies": { "zod": "^3.25.76 || ^4.1.8" } }, "sha512-cZUppWzxjfpNaH1oVZ6U8yDLKKsdGbC9X0Pex8cG9CXhKWSoVLLnW1rKr6tu9jDISK5okjBIW/O1ZzfnbUrtEw=="],

    "@ai-sdk/provider": ["@ai-sdk/provider@3.0.0-beta.26", "", { "dependencies": { "json-schema": "^0.4.0" } }, "sha512-UQyOlrpahFL1CZ/QA0ZpFhAkE32fw1XXBx+6gu23YWSCMJCjaf/fiJUPV7xUhp/nXqVO/IC+PIIfLomx55D16A=="],

    "@ai-sdk/provider-utils": ["@ai-sdk/provider-utils@4.0.0-beta.52", "", { "dependencies": { "@ai-sdk/provider": "3.0.0-beta.26", "@standard-schema/spec": "^1.1.0", "eventsource-parser": "^3.0.6" }, "peerDependencies": { "zod": "^3.25.76 || ^4.1.8" } }, "sha512-MkokODthk0eH0ZVegw9kHfDtEXoqI6lWgX8S5xzXihT+oEkMfEv8d+lB+TxY0ySkcpqIshW2UpRVP/lBOc/OSA=="],

    "@ai-sdk/react": ["@ai-sdk/react@3.0.0-beta.160", "", { "dependencies": { "@ai-sdk/provider-utils": "4.0.0-beta.52", "ai": "6.0.0-beta.157", "swr": "^2.2.5", "throttleit": "2.1.0" }, "peerDependencies": { "react": "^18 || ~19.0.1 || ~19.1.2 || ^19.2.1" } }, "sha512-KpOA/FN5JynyC5I3ZVCGauMbQKmifRXMS+gR5/n9OQ8AJTrwWNbQtXXKtXgdQ2rRGdnPrOP/nA4EEmOiMdLYTQ=="],

    "@biomejs/biome": ["@biomejs/biome@2.3.9", "", { "optionalDependencies": { "@biomejs/cli-darwin-arm64": "2.3.9", "@biomejs/cli-darwin-x64": "2.3.9", "@biomejs/cli-linux-arm64": "2.3.9", "@biomejs/cli-linux-arm64-musl": "2.3.9", "@biomejs/cli-linux-x64": "2.3.9", "@biomejs/cli-linux-x64-musl": "2.3.9", "@biomejs/cli-win32-arm64": "2.3.9", "@biomejs/cli-win32-x64": "2.3.9" }, "bin": { "biome": "bin/biome" } }, "sha512-js+34KpnY65I00k8P71RH0Uh2rJk4BrpxMGM5m2nBfM9XTlKE5N1URn5ydILPRyXXq4ebhKCjsvR+txS+D4z2A=="],

    "@biomejs/cli-darwin-arm64": ["@biomejs/cli-darwin-arm64@2.3.9", "", { "os": "darwin", "cpu": "arm64" }, "sha512-hHbYYnna/WBwem5iCpssQQLtm5ey8ADuDT8N2zqosk6LVWimlEuUnPy6Mbzgu4GWVriyL5ijWd+1zphX6ll4/A=="],

    "@biomejs/cli-darwin-x64": ["@biomejs/cli-darwin-x64@2.3.9", "", { "os": "darwin", "cpu": "x64" }, "sha512-sKMW5fpvGDmPdqCchtVH5MVlbVeSU3ad4CuKS45x8VHt3tNSC8CZ2QbxffAOKYK9v/mAeUiPC6Cx6+wtyU1q7g=="],

    "@biomejs/cli-linux-arm64": ["@biomejs/cli-linux-arm64@2.3.9", "", { "os": "linux", "cpu": "arm64" }, "sha512-BXBB6HbAgZI6T6QB8q6NSwIapVngqArP6K78BqkMerht7YjL6yWctqfeTnJm0qGF2bKBYFexslrbV+VTlM2E6g=="],

    "@biomejs/cli-linux-arm64-musl": ["@biomejs/cli-linux-arm64-musl@2.3.9", "", { "os": "linux", "cpu": "arm64" }, "sha512-JOHyG2nl8XDpncbMazm1uBSi1dPX9VbQDOjKcfSVXTqajD0PsgodMOKyuZ/PkBu5Lw877sWMTGKfEfpM7jE7Cw=="],

    "@biomejs/cli-linux-x64": ["@biomejs/cli-linux-x64@2.3.9", "", { "os": "linux", "cpu": "x64" }, "sha512-PjYuv2WLmvf0WtidxAkFjlElsn0P6qcvfPijrqu1j+3GoW3XSQh3ywGu7gZ25J25zrYj3KEovUjvUZB55ATrGw=="],

    "@biomejs/cli-linux-x64-musl": ["@biomejs/cli-linux-x64-musl@2.3.9", "", { "os": "linux", "cpu": "x64" }, "sha512-FUkb/5beCIC2trpqAbW9e095X4vamdlju80c1ExSmhfdrojLZnWkah/XfTSixKb/dQzbAjpD7vvs6rWkJ+P07Q=="],

    "@biomejs/cli-win32-arm64": ["@biomejs/cli-win32-arm64@2.3.9", "", { "os": "win32", "cpu": "arm64" }, "sha512-w48Yh/XbYHO2cBw8B5laK3vCAEKuocX5ItGXVDAqFE7Ze2wnR00/1vkY6GXglfRDOjWHu2XtxI0WKQ52x1qxEA=="],

    "@biomejs/cli-win32-x64": ["@biomejs/cli-win32-x64@2.3.9", "", { "os": "win32", "cpu": "x64" }, "sha512-90+J63VT7qImy9s3pkWL0ZX27VzVwMNCRzpLpe5yMzMYPbO1vcjL/w/Q5f/juAGMvP7a2Fd0H7IhAR6F7/i78A=="],

    "@opentelemetry/api": ["@opentelemetry/api@1.9.0", "", {}, "sha512-3giAOQvZiH5F9bMlMiv8+GSPMeqg0dbaeo58/0SlA9sxSqZhnUtxzX9/2FzyhS9sWQf5S0GJE0AKBrFqjpeYcg=="],

    "@standard-schema/spec": ["@standard-schema/spec@1.1.0", "", {}, "sha512-l2aFy5jALhniG5HgqrD6jXLi/rUWrKvqN/qJx6yoJsgKhblVd+iqqU4RCXavm/jPityDo5TCvKMnpjKnOriy0w=="],

    "@t3-oss/env-core": ["@t3-oss/env-core@0.13.10", "", { "peerDependencies": { "arktype": "^2.1.0", "typescript": ">=5.0.0", "valibot": "^1.0.0-beta.7 || ^1.0.0", "zod": "^3.24.0 || ^4.0.0" }, "optionalPeers": ["arktype", "typescript", "valibot", "zod"] }, "sha512-NNFfdlJ+HmPHkLi2HKy7nwuat9SIYOxei9K10lO2YlcSObDILY7mHZNSHsieIM3A0/5OOzw/P/b+yLvPdaG52g=="],

    "@t3-oss/env-nextjs": ["@t3-oss/env-nextjs@0.13.10", "", { "dependencies": { "@t3-oss/env-core": "0.13.10" }, "peerDependencies": { "arktype": "^2.1.0", "typescript": ">=5.0.0", "valibot": "^1.0.0-beta.7 || ^1.0.0", "zod": "^3.24.0 || ^4.0.0" }, "optionalPeers": ["arktype", "typescript", "valibot", "zod"] }, "sha512-JfSA2WXOnvcc/uMdp31paMsfbYhhdvLLRxlwvrnlPE9bwM/n0Z+Qb9xRv48nPpvfMhOrkrTYw1I5Yc06WIKBJQ=="],

    "@types/bun": ["@types/bun@1.3.4", "", { "dependencies": { "bun-types": "1.3.4" } }, "sha512-EEPTKXHP+zKGPkhRLv+HI0UEX8/o+65hqARxLy8Ov5rIxMBPNTjeZww00CIihrIQGEQBYg+0roO5qOnS/7boGA=="],

    "@types/node": ["@types/node@25.0.2", "", { "dependencies": { "undici-types": "~7.16.0" } }, "sha512-gWEkeiyYE4vqjON/+Obqcoeffmk0NF15WSBwSs7zwVA2bAbTaE0SJ7P0WNGoJn8uE7fiaV5a7dKYIJriEqOrmA=="],

    "@vercel/oidc": ["@vercel/oidc@3.0.5", "", {}, "sha512-fnYhv671l+eTTp48gB4zEsTW/YtRgRPnkI2nT7x6qw5rkI1Lq2hTmQIpHPgyThI0znLK+vX2n9XxKdXZ7BUbbw=="],

    "ai": ["ai@6.0.0-beta.157", "", { "dependencies": { "@ai-sdk/gateway": "2.0.0-beta.83", "@ai-sdk/provider": "3.0.0-beta.26", "@ai-sdk/provider-utils": "4.0.0-beta.52", "@opentelemetry/api": "1.9.0" }, "peerDependencies": { "zod": "^3.25.76 || ^4.1.8" } }, "sha512-4hYcMcUwDNCe0/88wi6bgbG1lLvgllDKGVehu1Y68H+J3fZ+GOoveK5u4hoMtCmsAk9byYH1ppgKacKihslKSA=="],

    "bun-types": ["bun-types@1.3.4", "", { "dependencies": { "@types/node": "*" } }, "sha512-5ua817+BZPZOlNaRgGBpZJOSAQ9RQ17pkwPD0yR7CfJg+r8DgIILByFifDTa+IPDDxzf5VNhtNlcKqFzDgJvlQ=="],

    "dequal": ["dequal@2.0.3", "", {}, "sha512-0je+qPKHEMohvfRTCEo3CrPG6cAzAYgmzKyxRiYSSDkS6eGJdyVJm7WaYA5ECaAD9wLB2T4EEeymA5aFVcYXCA=="],

    "eventsource-parser": ["eventsource-parser@3.0.6", "", {}, "sha512-Vo1ab+QXPzZ4tCa8SwIHJFaSzy4R6SHf7BY79rFBDf0idraZWAkYrDjDj8uWaSm3S2TK+hJ7/t1CEmZ7jXw+pg=="],

    "json-schema": ["json-schema@0.4.0", "", {}, "sha512-es94M3nTIfsEPisRafak+HDLfHXnKBhV3vU5eqPcS3flIWqcxJWgXHXiey3YrpaNsanY5ei1VoYEbOzijuq9BA=="],

    "react": ["react@19.2.3", "", {}, "sha512-Ku/hhYbVjOQnXDZFv2+RibmLFGwFdeeKHFcOTlrt7xplBnya5OGn/hIRDsqDiSUcfORsDC7MPxwork8jBwsIWA=="],

    "swr": ["swr@2.3.8", "", { "dependencies": { "dequal": "^2.0.3", "use-sync-external-store": "^1.6.0" }, "peerDependencies": { "react": "^16.11.0 || ^17.0.0 || ^18.0.0 || ^19.0.0" } }, "sha512-gaCPRVoMq8WGDcWj9p4YWzCMPHzE0WNl6W8ADIx9c3JBEIdMkJGMzW+uzXvxHMltwcYACr9jP+32H8/hgwMR7w=="],

    "throttleit": ["throttleit@2.1.0", "", {}, "sha512-nt6AMGKW1p/70DF/hGBdJB57B8Tspmbp5gfJ8ilhLnt7kkr2ye7hzD6NVG8GGErk2HWF34igrL2CXmNIkzKqKw=="],

    "typescript": ["typescript@5.9.3", "", { "bin": { "tsc": "bin/tsc", "tsserver": "bin/tsserver" } }, "sha512-jl1vZzPDinLr9eUt3J/t7V6FgNEw9QjvBPdysz9KfQDD41fQrC2Y4vKQdiaUpFT4bXlb1RHhLpp8wtm6M5TgSw=="],

    "undici-types": ["undici-types@7.16.0", "", {}, "sha512-Zz+aZWSj8LE6zoxD+xrjh4VfkIG8Ya6LvYkZqtUQGJPZjYl53ypCaUwWqo7eI0x66KBGeRo+mlBEkMSeSZ38Nw=="],

    "use-sync-external-store": ["use-sync-external-store@1.6.0", "", { "peerDependencies": { "react": "^16.8.0 || ^17.0.0 || ^18.0.0 || ^19.0.0" } }, "sha512-Pp6GSwGP/NrPIrxVFAIkOQeyw8lFenOHijQWkUTrDvrF4ALqylP2C/KCkeS9dpUM3KvYRQhna5vt7IL95+ZQ9w=="],

    "zod": ["zod@4.2.1", "", {}, "sha512-0wZ1IRqGGhMP76gLqz8EyfBXKk0J2qo2+H3fi4mcUP/KtTocoX08nmIAHl1Z2kJIZbZee8KOpBCSNPRgauucjw=="],

    "@ai-sdk/openai-compatible/@ai-sdk/provider": ["@ai-sdk/provider@2.0.0", "", { "dependencies": { "json-schema": "^0.4.0" } }, "sha512-6o7Y2SeO9vFKB8lArHXehNuusnpddKPk7xqL7T2/b+OvXMRIXUO1rR4wcv1hAFUAT9avGZshty3Wlua/XA7TvA=="],

    "@ai-sdk/openai-compatible/@ai-sdk/provider-utils": ["@ai-sdk/provider-utils@3.0.19", "", { "dependencies": { "@ai-sdk/provider": "2.0.0", "@standard-schema/spec": "^1.0.0", "eventsource-parser": "^3.0.6" }, "peerDependencies": { "zod": "^3.25.76 || ^4.1.8" } }, "sha512-W41Wc9/jbUVXVwCN/7bWa4IKe8MtxO3EyA0Hfhx6grnmiYlCvpI8neSYWFE0zScXJkgA/YK3BRybzgyiXuu6JA=="],
  }
}
